
Microsoft Visual Studio Solution File, Format Version 12.00
# Visual Studio 15
VisualStudioVersion = 15.0.28307.1300
MinimumVisualStudioVersion = 10.0.40219.1
Project("{9A19103F-16F7-4668-BE54-9A1E7A4F7556}") = "JobInterviewTask", "JobInterviewTask\JobInterviewTask.csproj", "{4474A4A5-06FF-4035-A4CD-1E713579EAB7}"
EndProject
Project("{FAE04EC0-301F-11D3-BF4B-00C04F79EFBC}") = "ApiUnitTest", "ApiUnitTest\ApiUnitTest.csproj", "{FFCB572F-2C00-4032-936C-F64CB0EF16C9}"
EndProject
Global
	GlobalSection(SolutionConfigurationPlatforms) = preSolution
		Debug|Any CPU = Debug|Any CPU
		Release|Any CPU = Release|Any CPU
	EndGlobalSection
	GlobalSection(ProjectConfigurationPlatforms) = postSolution
		{4474A4A5-06FF-4035-A4CD-1E713579EAB7}.Debug|Any CPU.ActiveCfg = Debug|Any CPU
		{4474A4A5-06FF-4035-A4CD-1E713579EAB7}.Debug|Any CPU.Build.0 = Debug|Any CPU
		{4474A4A5-06FF-4035-A4CD-1E713579EAB7}.Release|Any CPU.ActiveCfg = Release|Any CPU
		{4474A4A5-06FF-4035-A4CD-1E713579EAB7}.Release|Any CPU.Build.0 = Release|Any CPU
		{FFCB572F-2C00-4032-936C-F64CB0EF16C9}.Debug|Any CPU.ActiveCfg = Debug|Any CPU
		{FFCB572F-2C00-4032-936C-F64CB0EF16C9}.Debug|Any CPU.Build.0 = Debug|Any CPU
		{FFCB572F-2C00-4032-936C-F64CB0EF16C9}.Release|Any CPU.ActiveCfg = Release|Any CPU
		{FFCB572F-2C00-4032-936C-F64CB0EF16C9}.Release|Any CPU.Build.0 = Release|Any CPU
	EndGlobalSection
	GlobalSection(SolutionProperties) = preSolution
		HideSolutionNode = FALSE
	EndGlobalSection
	GlobalSection(ExtensibilityGlobals) = postSolution
		SolutionGuid = {3A7D6281-1B4C-4337-9EC5-7243C4370E6D}
	EndGlobalSection
EndGlobal
